// !$*UTF8*$!
{
	archiveVersion = 1;
	classes = {
	};
	objectVersion = 56;
	objects = {

/* Begin PBXBuildFile section */
		3AAA843E2A9B81EA00AC5C82 /* AppDelegate.swift in Sources */ = {isa = PBXBuildFile; fileRef = 3AAA843D2A9B81EA00AC5C82 /* AppDelegate.swift */; };
		3AAA84422A9B81EA00AC5C82 /* LossesListViewController.swift in Sources */ = {isa = PBXBuildFile; fileRef = 3AAA84412A9B81EA00AC5C82 /* LossesListViewController.swift */; };
		3AAA84452A9B81EA00AC5C82 /* LossesListViewController.storyboard in Resources */ = {isa = PBXBuildFile; fileRef = 3AAA84432A9B81EA00AC5C82 /* LossesListViewController.storyboard */; };
		3AAA84472A9B81EE00AC5C82 /* Assets.xcassets in Resources */ = {isa = PBXBuildFile; fileRef = 3AAA84462A9B81EE00AC5C82 /* Assets.xcassets */; };
		3AAA844A2A9B81EE00AC5C82 /* LaunchScreen.storyboard in Resources */ = {isa = PBXBuildFile; fileRef = 3AAA84482A9B81EE00AC5C82 /* LaunchScreen.storyboard */; };
		3AAA845D2A9B934800AC5C82 /* Coordinator.swift in Sources */ = {isa = PBXBuildFile; fileRef = 3AAA845C2A9B934800AC5C82 /* Coordinator.swift */; };
		3AAA845F2A9B95A600AC5C82 /* LossesListPresenter.swift in Sources */ = {isa = PBXBuildFile; fileRef = 3AAA845E2A9B95A600AC5C82 /* LossesListPresenter.swift */; };
		3AAA84642A9BA7CF00AC5C82 /* ScreensFactory.swift in Sources */ = {isa = PBXBuildFile; fileRef = 3AAA84632A9BA7CF00AC5C82 /* ScreensFactory.swift */; };
		3AAA84682A9BA81500AC5C82 /* CoordinatorFactory.swift in Sources */ = {isa = PBXBuildFile; fileRef = 3AAA84672A9BA81500AC5C82 /* CoordinatorFactory.swift */; };
		3AAA846A2A9BA82F00AC5C82 /* AppFactory.swift in Sources */ = {isa = PBXBuildFile; fileRef = 3AAA84692A9BA82F00AC5C82 /* AppFactory.swift */; };
		3AAA846D2A9BAE8A00AC5C82 /* LossesInfoViewController.swift in Sources */ = {isa = PBXBuildFile; fileRef = 3AAA846B2A9BAE8A00AC5C82 /* LossesInfoViewController.swift */; };
		3AAA84702A9BAEA000AC5C82 /* LossesInfoPresenter.swift in Sources */ = {isa = PBXBuildFile; fileRef = 3AAA846F2A9BAEA000AC5C82 /* LossesInfoPresenter.swift */; };
		3AAA84742A9BB60200AC5C82 /* LossesCoordinator.swift in Sources */ = {isa = PBXBuildFile; fileRef = 3AAA84732A9BB60200AC5C82 /* LossesCoordinator.swift */; };
		3AAA84792A9BBD1400AC5C82 /* Router.swift in Sources */ = {isa = PBXBuildFile; fileRef = 3AAA84782A9BBD1400AC5C82 /* Router.swift */; };
		3AAA847D2A9BC8A200AC5C82 /* Stepper.swift in Sources */ = {isa = PBXBuildFile; fileRef = 3AAA847C2A9BC8A200AC5C82 /* Stepper.swift */; };
		3AAA84812A9BDB5F00AC5C82 /* LossesInfoViewController.storyboard in Resources */ = {isa = PBXBuildFile; fileRef = 3AAA84802A9BDB5F00AC5C82 /* LossesInfoViewController.storyboard */; };
/* End PBXBuildFile section */

/* Begin PBXFileReference section */
		3AAA843A2A9B81E900AC5C82 /* Statistics.app */ = {isa = PBXFileReference; explicitFileType = wrapper.application; includeInIndex = 0; path = Statistics.app; sourceTree = BUILT_PRODUCTS_DIR; };
		3AAA843D2A9B81EA00AC5C82 /* AppDelegate.swift */ = {isa = PBXFileReference; lastKnownFileType = sourcecode.swift; path = AppDelegate.swift; sourceTree = "<group>"; };
		3AAA84412A9B81EA00AC5C82 /* LossesListViewController.swift */ = {isa = PBXFileReference; lastKnownFileType = sourcecode.swift; path = LossesListViewController.swift; sourceTree = "<group>"; };
		3AAA84442A9B81EA00AC5C82 /* Base */ = {isa = PBXFileReference; lastKnownFileType = file.storyboard; name = Base; path = Base.lproj/LossesListViewController.storyboard; sourceTree = "<group>"; };
		3AAA84462A9B81EE00AC5C82 /* Assets.xcassets */ = {isa = PBXFileReference; lastKnownFileType = folder.assetcatalog; path = Assets.xcassets; sourceTree = "<group>"; };
		3AAA84492A9B81EE00AC5C82 /* Base */ = {isa = PBXFileReference; lastKnownFileType = file.storyboard; name = Base; path = Base.lproj/LaunchScreen.storyboard; sourceTree = "<group>"; };
		3AAA844B2A9B81EE00AC5C82 /* Info.plist */ = {isa = PBXFileReference; lastKnownFileType = text.plist.xml; path = Info.plist; sourceTree = "<group>"; };
		3AAA845C2A9B934800AC5C82 /* Coordinator.swift */ = {isa = PBXFileReference; lastKnownFileType = sourcecode.swift; path = Coordinator.swift; sourceTree = "<group>"; };
		3AAA845E2A9B95A600AC5C82 /* LossesListPresenter.swift */ = {isa = PBXFileReference; lastKnownFileType = sourcecode.swift; path = LossesListPresenter.swift; sourceTree = "<group>"; };
		3AAA84632A9BA7CF00AC5C82 /* ScreensFactory.swift */ = {isa = PBXFileReference; lastKnownFileType = sourcecode.swift; path = ScreensFactory.swift; sourceTree = "<group>"; };
		3AAA84672A9BA81500AC5C82 /* CoordinatorFactory.swift */ = {isa = PBXFileReference; lastKnownFileType = sourcecode.swift; path = CoordinatorFactory.swift; sourceTree = "<group>"; };
		3AAA84692A9BA82F00AC5C82 /* AppFactory.swift */ = {isa = PBXFileReference; lastKnownFileType = sourcecode.swift; path = AppFactory.swift; sourceTree = "<group>"; };
		3AAA846B2A9BAE8A00AC5C82 /* LossesInfoViewController.swift */ = {isa = PBXFileReference; lastKnownFileType = sourcecode.swift; path = LossesInfoViewController.swift; sourceTree = "<group>"; };
		3AAA846F2A9BAEA000AC5C82 /* LossesInfoPresenter.swift */ = {isa = PBXFileReference; lastKnownFileType = sourcecode.swift; path = LossesInfoPresenter.swift; sourceTree = "<group>"; };
		3AAA84732A9BB60200AC5C82 /* LossesCoordinator.swift */ = {isa = PBXFileReference; lastKnownFileType = sourcecode.swift; path = LossesCoordinator.swift; sourceTree = "<group>"; };
		3AAA84782A9BBD1400AC5C82 /* Router.swift */ = {isa = PBXFileReference; lastKnownFileType = sourcecode.swift; path = Router.swift; sourceTree = "<group>"; };
		3AAA847C2A9BC8A200AC5C82 /* Stepper.swift */ = {isa = PBXFileReference; lastKnownFileType = sourcecode.swift; path = Stepper.swift; sourceTree = "<group>"; };
		3AAA84802A9BDB5F00AC5C82 /* LossesInfoViewController.storyboard */ = {isa = PBXFileReference; lastKnownFileType = file.storyboard; path = LossesInfoViewController.storyboard; sourceTree = "<group>"; };
/* End PBXFileReference section */

/* Begin PBXFrameworksBuildPhase section */
		3AAA84372A9B81E900AC5C82 /* Frameworks */ = {
			isa = PBXFrameworksBuildPhase;
			buildActionMask = 2147483647;
			files = (
			);
			runOnlyForDeploymentPostprocessing = 0;
		};
/* End PBXFrameworksBuildPhase section */

/* Begin PBXGroup section */
		3AAA84312A9B81E900AC5C82 = {
			isa = PBXGroup;
			children = (
				3AAA843C2A9B81EA00AC5C82 /* Statistics */,
				3AAA843B2A9B81E900AC5C82 /* Products */,
			);
			sourceTree = "<group>";
		};
		3AAA843B2A9B81E900AC5C82 /* Products */ = {
			isa = PBXGroup;
			children = (
				3AAA843A2A9B81E900AC5C82 /* Statistics.app */,
			);
			name = Products;
			sourceTree = "<group>";
		};
		3AAA843C2A9B81EA00AC5C82 /* Statistics */ = {
			isa = PBXGroup;
			children = (
				3AAA84602A9B969D00AC5C82 /* Source */,
				3AAA84582A9B929600AC5C82 /* Resources */,
			);
			path = Statistics;
			sourceTree = "<group>";
		};
		3AAA84522A9B877500AC5C82 /* Flow */ = {
			isa = PBXGroup;
			children = (
				3AAA845B2A9B92FC00AC5C82 /* Launch */,
				3AAA84532A9B883000AC5C82 /* LossesList */,
				3AAA84612A9B96F800AC5C82 /* LossesInfo */,
			);
			path = Flow;
			sourceTree = "<group>";
		};
		3AAA84532A9B883000AC5C82 /* LossesList */ = {
			isa = PBXGroup;
			children = (
				3AAA84412A9B81EA00AC5C82 /* LossesListViewController.swift */,
				3AAA845E2A9B95A600AC5C82 /* LossesListPresenter.swift */,
				3AAA84432A9B81EA00AC5C82 /* LossesListViewController.storyboard */,
			);
			path = LossesList;
			sourceTree = "<group>";
		};
		3AAA84562A9B923A00AC5C82 /* Coordinator */ = {
			isa = PBXGroup;
			children = (
				3AAA845C2A9B934800AC5C82 /* Coordinator.swift */,
				3AAA84732A9BB60200AC5C82 /* LossesCoordinator.swift */,
			);
			path = Coordinator;
			sourceTree = "<group>";
		};
		3AAA84572A9B926500AC5C82 /* AppDelegate */ = {
			isa = PBXGroup;
			children = (
				3AAA843D2A9B81EA00AC5C82 /* AppDelegate.swift */,
			);
			path = AppDelegate;
			sourceTree = "<group>";
		};
		3AAA84582A9B929600AC5C82 /* Resources */ = {
			isa = PBXGroup;
			children = (
				3AAA845A2A9B92D500AC5C82 /* Images */,
				3AAA84592A9B92CC00AC5C82 /* Plists */,
			);
			path = Resources;
			sourceTree = "<group>";
		};
		3AAA84592A9B92CC00AC5C82 /* Plists */ = {
			isa = PBXGroup;
			children = (
				3AAA844B2A9B81EE00AC5C82 /* Info.plist */,
			);
			path = Plists;
			sourceTree = "<group>";
		};
		3AAA845A2A9B92D500AC5C82 /* Images */ = {
			isa = PBXGroup;
			children = (
				3AAA84462A9B81EE00AC5C82 /* Assets.xcassets */,
			);
			path = Images;
			sourceTree = "<group>";
		};
		3AAA845B2A9B92FC00AC5C82 /* Launch */ = {
			isa = PBXGroup;
			children = (
				3AAA84482A9B81EE00AC5C82 /* LaunchScreen.storyboard */,
			);
			path = Launch;
			sourceTree = "<group>";
		};
		3AAA84602A9B969D00AC5C82 /* Source */ = {
			isa = PBXGroup;
			children = (
				3AAA84822A9BDB8900AC5C82 /* Router */,
				3AAA84572A9B926500AC5C82 /* AppDelegate */,
				3AAA84622A9BA5D400AC5C82 /* Factory  */,
				3AAA84562A9B923A00AC5C82 /* Coordinator */,
				3AAA84522A9B877500AC5C82 /* Flow */,
			);
			path = Source;
			sourceTree = "<group>";
		};
		3AAA84612A9B96F800AC5C82 /* LossesInfo */ = {
			isa = PBXGroup;
			children = (
				3AAA846B2A9BAE8A00AC5C82 /* LossesInfoViewController.swift */,
				3AAA846F2A9BAEA000AC5C82 /* LossesInfoPresenter.swift */,
				3AAA84802A9BDB5F00AC5C82 /* LossesInfoViewController.storyboard */,
			);
			path = LossesInfo;
			sourceTree = "<group>";
		};
		3AAA84622A9BA5D400AC5C82 /* Factory  */ = {
			isa = PBXGroup;
			children = (
				3AAA84692A9BA82F00AC5C82 /* AppFactory.swift */,
				3AAA84632A9BA7CF00AC5C82 /* ScreensFactory.swift */,
				3AAA84672A9BA81500AC5C82 /* CoordinatorFactory.swift */,
			);
			path = "Factory ";
			sourceTree = "<group>";
		};
		3AAA84822A9BDB8900AC5C82 /* Router */ = {
			isa = PBXGroup;
			children = (
				3AAA84782A9BBD1400AC5C82 /* Router.swift */,
				3AAA847C2A9BC8A200AC5C82 /* Stepper.swift */,
			);
			path = Router;
			sourceTree = "<group>";
		};
/* End PBXGroup section */

/* Begin PBXNativeTarget section */
		3AAA84392A9B81E900AC5C82 /* Statistics */ = {
			isa = PBXNativeTarget;
			buildConfigurationList = 3AAA844E2A9B81EE00AC5C82 /* Build configuration list for PBXNativeTarget "Statistics" */;
			buildPhases = (
				3AAA84362A9B81E900AC5C82 /* Sources */,
				3AAA84372A9B81E900AC5C82 /* Frameworks */,
				3AAA84382A9B81E900AC5C82 /* Resources */,
			);
			buildRules = (
			);
			dependencies = (
			);
			name = Statistics;
			productName = Statistics;
			productReference = 3AAA843A2A9B81E900AC5C82 /* Statistics.app */;
			productType = "com.apple.product-type.application";
		};
/* End PBXNativeTarget section */

/* Begin PBXProject section */
		3AAA84322A9B81E900AC5C82 /* Project object */ = {
			isa = PBXProject;
			attributes = {
				BuildIndependentTargetsInParallel = 1;
				LastSwiftUpdateCheck = 1420;
				LastUpgradeCheck = 1420;
				TargetAttributes = {
					3AAA84392A9B81E900AC5C82 = {
						CreatedOnToolsVersion = 14.2;
					};
				};
			};
			buildConfigurationList = 3AAA84352A9B81E900AC5C82 /* Build configuration list for PBXProject "Statistics" */;
			compatibilityVersion = "Xcode 14.0";
			developmentRegion = en;
			hasScannedForEncodings = 0;
			knownRegions = (
				en,
				Base,
			);
			mainGroup = 3AAA84312A9B81E900AC5C82;
			productRefGroup = 3AAA843B2A9B81E900AC5C82 /* Products */;
			projectDirPath = "";
			projectRoot = "";
			targets = (
				3AAA84392A9B81E900AC5C82 /* Statistics */,
			);
		};
/* End PBXProject section */

/* Begin PBXResourcesBuildPhase section */
		3AAA84382A9B81E900AC5C82 /* Resources */ = {
			isa = PBXResourcesBuildPhase;
			buildActionMask = 2147483647;
			files = (
				3AAA844A2A9B81EE00AC5C82 /* LaunchScreen.storyboard in Resources */,
				3AAA84472A9B81EE00AC5C82 /* Assets.xcassets in Resources */,
				3AAA84812A9BDB5F00AC5C82 /* LossesInfoViewController.storyboard in Resources */,
				3AAA84452A9B81EA00AC5C82 /* LossesListViewController.storyboard in Resources */,
			);
			runOnlyForDeploymentPostprocessing = 0;
		};
/* End PBXResourcesBuildPhase section */

/* Begin PBXSourcesBuildPhase section */
		3AAA84362A9B81E900AC5C82 /* Sources */ = {
			isa = PBXSourcesBuildPhase;
			buildActionMask = 2147483647;
			files = (
				3AAA845D2A9B934800AC5C82 /* Coordinator.swift in Sources */,
				3AAA845F2A9B95A600AC5C82 /* LossesListPresenter.swift in Sources */,
				3AAA84792A9BBD1400AC5C82 /* Router.swift in Sources */,
				3AAA84682A9BA81500AC5C82 /* CoordinatorFactory.swift in Sources */,
				3AAA846D2A9BAE8A00AC5C82 /* LossesInfoViewController.swift in Sources */,
				3AAA846A2A9BA82F00AC5C82 /* AppFactory.swift in Sources */,
				3AAA84642A9BA7CF00AC5C82 /* ScreensFactory.swift in Sources */,
				3AAA847D2A9BC8A200AC5C82 /* Stepper.swift in Sources */,
				3AAA84422A9B81EA00AC5C82 /* LossesListViewController.swift in Sources */,
				3AAA843E2A9B81EA00AC5C82 /* AppDelegate.swift in Sources */,
				3AAA84702A9BAEA000AC5C82 /* LossesInfoPresenter.swift in Sources */,
				3AAA84742A9BB60200AC5C82 /* LossesCoordinator.swift in Sources */,
			);
			runOnlyForDeploymentPostprocessing = 0;
		};
/* End PBXSourcesBuildPhase section */

/* Begin PBXVariantGroup section */
		3AAA84432A9B81EA00AC5C82 /* LossesListViewController.storyboard */ = {
			isa = PBXVariantGroup;
			children = (
				3AAA84442A9B81EA00AC5C82 /* Base */,
			);
			name = LossesListViewController.storyboard;
			sourceTree = "<group>";
		};
		3AAA84482A9B81EE00AC5C82 /* LaunchScreen.storyboard */ = {
			isa = PBXVariantGroup;
			children = (
				3AAA84492A9B81EE00AC5C82 /* Base */,
			);
			name = LaunchScreen.storyboard;
			sourceTree = "<group>";
		};
/* End PBXVariantGroup section */

/* Begin XCBuildConfiguration section */
		3AAA844C2A9B81EE00AC5C82 /* Debug */ = {
			isa = XCBuildConfiguration;
			buildSettings = {
				ALWAYS_SEARCH_USER_PATHS = NO;
				CLANG_ANALYZER_NONNULL = YES;
				CLANG_ANALYZER_NUMBER_OBJECT_CONVERSION = YES_AGGRESSIVE;
				CLANG_CXX_LANGUAGE_STANDARD = "gnu++20";
				CLANG_ENABLE_MODULES = YES;
				CLANG_ENABLE_OBJC_ARC = YES;
				CLANG_ENABLE_OBJC_WEAK = YES;
				CLANG_WARN_BLOCK_CAPTURE_AUTORELEASING = YES;
				CLANG_WARN_BOOL_CONVERSION = YES;
				CLANG_WARN_COMMA = YES;
				CLANG_WARN_CONSTANT_CONVERSION = YES;
				CLANG_WARN_DEPRECATED_OBJC_IMPLEMENTATIONS = YES;
				CLANG_WARN_DIRECT_OBJC_ISA_USAGE = YES_ERROR;
				CLANG_WARN_DOCUMENTATION_COMMENTS = YES;
				CLANG_WARN_EMPTY_BODY = YES;
				CLANG_WARN_ENUM_CONVERSION = YES;
				CLANG_WARN_INFINITE_RECURSION = YES;
				CLANG_WARN_INT_CONVERSION = YES;
				CLANG_WARN_NON_LITERAL_NULL_CONVERSION = YES;
				CLANG_WARN_OBJC_IMPLICIT_RETAIN_SELF = YES;
				CLANG_WARN_OBJC_LITERAL_CONVERSION = YES;
				CLANG_WARN_OBJC_ROOT_CLASS = YES_ERROR;
				CLANG_WARN_QUOTED_INCLUDE_IN_FRAMEWORK_HEADER = YES;
				CLANG_WARN_RANGE_LOOP_ANALYSIS = YES;
				CLANG_WARN_STRICT_PROTOTYPES = YES;
				CLANG_WARN_SUSPICIOUS_MOVE = YES;
				CLANG_WARN_UNGUARDED_AVAILABILITY = YES_AGGRESSIVE;
				CLANG_WARN_UNREACHABLE_CODE = YES;
				CLANG_WARN__DUPLICATE_METHOD_MATCH = YES;
				COPY_PHASE_STRIP = NO;
				DEBUG_INFORMATION_FORMAT = dwarf;
				ENABLE_STRICT_OBJC_MSGSEND = YES;
				ENABLE_TESTABILITY = YES;
				GCC_C_LANGUAGE_STANDARD = gnu11;
				GCC_DYNAMIC_NO_PIC = NO;
				GCC_NO_COMMON_BLOCKS = YES;
				GCC_OPTIMIZATION_LEVEL = 0;
				GCC_PREPROCESSOR_DEFINITIONS = (
					"DEBUG=1",
					"$(inherited)",
				);
				GCC_WARN_64_TO_32_BIT_CONVERSION = YES;
				GCC_WARN_ABOUT_RETURN_TYPE = YES_ERROR;
				GCC_WARN_UNDECLARED_SELECTOR = YES;
				GCC_WARN_UNINITIALIZED_AUTOS = YES_AGGRESSIVE;
				GCC_WARN_UNUSED_FUNCTION = YES;
				GCC_WARN_UNUSED_VARIABLE = YES;
				IPHONEOS_DEPLOYMENT_TARGET = 16.2;
				MTL_ENABLE_DEBUG_INFO = INCLUDE_SOURCE;
				MTL_FAST_MATH = YES;
				ONLY_ACTIVE_ARCH = YES;
				SDKROOT = iphoneos;
				SWIFT_ACTIVE_COMPILATION_CONDITIONS = DEBUG;
				SWIFT_OPTIMIZATION_LEVEL = "-Onone";
			};
			name = Debug;
		};
		3AAA844D2A9B81EE00AC5C82 /* Release */ = {
			isa = XCBuildConfiguration;
			buildSettings = {
				ALWAYS_SEARCH_USER_PATHS = NO;
				CLANG_ANALYZER_NONNULL = YES;
				CLANG_ANALYZER_NUMBER_OBJECT_CONVERSION = YES_AGGRESSIVE;
				CLANG_CXX_LANGUAGE_STANDARD = "gnu++20";
				CLANG_ENABLE_MODULES = YES;
				CLANG_ENABLE_OBJC_ARC = YES;
				CLANG_ENABLE_OBJC_WEAK = YES;
				CLANG_WARN_BLOCK_CAPTURE_AUTORELEASING = YES;
				CLANG_WARN_BOOL_CONVERSION = YES;
				CLANG_WARN_COMMA = YES;
				CLANG_WARN_CONSTANT_CONVERSION = YES;
				CLANG_WARN_DEPRECATED_OBJC_IMPLEMENTATIONS = YES;
				CLANG_WARN_DIRECT_OBJC_ISA_USAGE = YES_ERROR;
				CLANG_WARN_DOCUMENTATION_COMMENTS = YES;
				CLANG_WARN_EMPTY_BODY = YES;
				CLANG_WARN_ENUM_CONVERSION = YES;
				CLANG_WARN_INFINITE_RECURSION = YES;
				CLANG_WARN_INT_CONVERSION = YES;
				CLANG_WARN_NON_LITERAL_NULL_CONVERSION = YES;
				CLANG_WARN_OBJC_IMPLICIT_RETAIN_SELF = YES;
				CLANG_WARN_OBJC_LITERAL_CONVERSION = YES;
				CLANG_WARN_OBJC_ROOT_CLASS = YES_ERROR;
				CLANG_WARN_QUOTED_INCLUDE_IN_FRAMEWORK_HEADER = YES;
				CLANG_WARN_RANGE_LOOP_ANALYSIS = YES;
				CLANG_WARN_STRICT_PROTOTYPES = YES;
				CLANG_WARN_SUSPICIOUS_MOVE = YES;
				CLANG_WARN_UNGUARDED_AVAILABILITY = YES_AGGRESSIVE;
				CLANG_WARN_UNREACHABLE_CODE = YES;
				CLANG_WARN__DUPLICATE_METHOD_MATCH = YES;
				COPY_PHASE_STRIP = NO;
				DEBUG_INFORMATION_FORMAT = "dwarf-with-dsym";
				ENABLE_NS_ASSERTIONS = NO;
				ENABLE_STRICT_OBJC_MSGSEND = YES;
				GCC_C_LANGUAGE_STANDARD = gnu11;
				GCC_NO_COMMON_BLOCKS = YES;
				GCC_WARN_64_TO_32_BIT_CONVERSION = YES;
				GCC_WARN_ABOUT_RETURN_TYPE = YES_ERROR;
				GCC_WARN_UNDECLARED_SELECTOR = YES;
				GCC_WARN_UNINITIALIZED_AUTOS = YES_AGGRESSIVE;
				GCC_WARN_UNUSED_FUNCTION = YES;
				GCC_WARN_UNUSED_VARIABLE = YES;
				IPHONEOS_DEPLOYMENT_TARGET = 16.2;
				MTL_ENABLE_DEBUG_INFO = NO;
				MTL_FAST_MATH = YES;
				SDKROOT = iphoneos;
				SWIFT_COMPILATION_MODE = wholemodule;
				SWIFT_OPTIMIZATION_LEVEL = "-O";
				VALIDATE_PRODUCT = YES;
			};
			name = Release;
		};
		3AAA844F2A9B81EE00AC5C82 /* Debug */ = {
			isa = XCBuildConfiguration;
			buildSettings = {
				ASSETCATALOG_COMPILER_APPICON_NAME = AppIcon;
				ASSETCATALOG_COMPILER_GLOBAL_ACCENT_COLOR_NAME = AccentColor;
				CODE_SIGN_STYLE = Automatic;
				CURRENT_PROJECT_VERSION = 1;
				GENERATE_INFOPLIST_FILE = YES;
				INFOPLIST_FILE = Statistics/Resources/Plists/Info.plist;
				INFOPLIST_KEY_UIApplicationSupportsIndirectInputEvents = YES;
				INFOPLIST_KEY_UILaunchStoryboardName = LaunchScreen;
				INFOPLIST_KEY_UIMainStoryboardFile = LossesListViewController;
				INFOPLIST_KEY_UISupportedInterfaceOrientations_iPad = "UIInterfaceOrientationPortrait UIInterfaceOrientationPortraitUpsideDown UIInterfaceOrientationLandscapeLeft UIInterfaceOrientationLandscapeRight";
				INFOPLIST_KEY_UISupportedInterfaceOrientations_iPhone = "UIInterfaceOrientationPortrait UIInterfaceOrientationLandscapeLeft UIInterfaceOrientationLandscapeRight";
				LD_RUNPATH_SEARCH_PATHS = (
					"$(inherited)",
					"@executable_path/Frameworks",
				);
				MARKETING_VERSION = 1.0;
				PRODUCT_BUNDLE_IDENTIFIER = Dmitry.Statistics;
				PRODUCT_NAME = "$(TARGET_NAME)";
				SWIFT_EMIT_LOC_STRINGS = YES;
				SWIFT_VERSION = 5.0;
				TARGETED_DEVICE_FAMILY = "1,2";
			};
			name = Debug;
		};
		3AAA84502A9B81EE00AC5C82 /* Release */ = {
			isa = XCBuildConfiguration;
			buildSettings = {
				ASSETCATALOG_COMPILER_APPICON_NAME = AppIcon;
				ASSETCATALOG_COMPILER_GLOBAL_ACCENT_COLOR_NAME = AccentColor;
				CODE_SIGN_STYLE = Automatic;
				CURRENT_PROJECT_VERSION = 1;
				GENERATE_INFOPLIST_FILE = YES;
				INFOPLIST_FILE = Statistics/Resources/Plists/Info.plist;
				INFOPLIST_KEY_UIApplicationSupportsIndirectInputEvents = YES;
				INFOPLIST_KEY_UILaunchStoryboardName = LaunchScreen;
				INFOPLIST_KEY_UIMainStoryboardFile = LossesListViewController;
				INFOPLIST_KEY_UISupportedInterfaceOrientations_iPad = "UIInterfaceOrientationPortrait UIInterfaceOrientationPortraitUpsideDown UIInterfaceOrientationLandscapeLeft UIInterfaceOrientationLandscapeRight";
				INFOPLIST_KEY_UISupportedInterfaceOrientations_iPhone = "UIInterfaceOrientationPortrait UIInterfaceOrientationLandscapeLeft UIInterfaceOrientationLandscapeRight";
				LD_RUNPATH_SEARCH_PATHS = (
					"$(inherited)",
					"@executable_path/Frameworks",
				);
				MARKETING_VERSION = 1.0;
				PRODUCT_BUNDLE_IDENTIFIER = Dmitry.Statistics;
				PRODUCT_NAME = "$(TARGET_NAME)";
				SWIFT_EMIT_LOC_STRINGS = YES;
				SWIFT_VERSION = 5.0;
				TARGETED_DEVICE_FAMILY = "1,2";
			};
			name = Release;
		};
/* End XCBuildConfiguration section */

/* Begin XCConfigurationList section */
		3AAA84352A9B81E900AC5C82 /* Build configuration list for PBXProject "Statistics" */ = {
			isa = XCConfigurationList;
			buildConfigurations = (
				3AAA844C2A9B81EE00AC5C82 /* Debug */,
				3AAA844D2A9B81EE00AC5C82 /* Release */,
			);
			defaultConfigurationIsVisible = 0;
			defaultConfigurationName = Release;
		};
		3AAA844E2A9B81EE00AC5C82 /* Build configuration list for PBXNativeTarget "Statistics" */ = {
			isa = XCConfigurationList;
			buildConfigurations = (
				3AAA844F2A9B81EE00AC5C82 /* Debug */,
				3AAA84502A9B81EE00AC5C82 /* Release */,
			);
			defaultConfigurationIsVisible = 0;
			defaultConfigurationName = Release;
		};
/* End XCConfigurationList section */
	};
	rootObject = 3AAA84322A9B81E900AC5C82 /* Project object */;
}
